
Microsoft Visual Studio Solution File, Format Version 12.00
# Visual Studio Version 17
VisualStudioVersion = 17.7.34003.232
MinimumVisualStudioVersion = 10.0.40219.1
Project("{FAE04EC0-301F-11D3-BF4B-00C04F79EFBC}") = "EgyptianGerman", "EgyptianGerman\EgyptianGerman.csproj", "{BAE7DA96-2D0E-494C-85EC-1C06F333647A}"
EndProject
Global
	GlobalSection(SolutionConfigurationPlatforms) = preSolution
		Debug|Any CPU = Debug|Any CPU
		Release|Any CPU = Release|Any CPU
	EndGlobalSection
	GlobalSection(ProjectConfigurationPlatforms) = postSolution
		{BAE7DA96-2D0E-494C-85EC-1C06F333647A}.Debug|Any CPU.ActiveCfg = Debug|Any CPU
		{BAE7DA96-2D0E-494C-85EC-1C06F333647A}.Debug|Any CPU.Build.0 = Debug|Any CPU
		{BAE7DA96-2D0E-494C-85EC-1C06F333647A}.Release|Any CPU.ActiveCfg = Release|Any CPU
		{BAE7DA96-2D0E-494C-85EC-1C06F333647A}.Release|Any CPU.Build.0 = Release|Any CPU
	EndGlobalSection
	GlobalSection(SolutionProperties) = preSolution
		HideSolutionNode = FALSE
	EndGlobalSection
	GlobalSection(ExtensibilityGlobals) = postSolution
		SolutionGuid = {F45D4AAF-1028-455E-B05F-9B4B5485E91D}
	EndGlobalSection
EndGlobal
